
Microsoft Visual Studio Solution File, Format Version 12.00
# Visual Studio Version 17
VisualStudioVersion = 17.11.35303.130
MinimumVisualStudioVersion = 10.0.40219.1
Project("{FAE04EC0-301F-11D3-BF4B-00C04F79EFBC}") = "FarmFix", "FarmFix\FarmFix.csproj", "{AFF44C29-1063-485F-98FD-F695FC9E8A37}"
EndProject
Global
	GlobalSection(SolutionConfigurationPlatforms) = preSolution
		Debug|Any CPU = Debug|Any CPU
		Release|Any CPU = Release|Any CPU
	EndGlobalSection
	GlobalSection(ProjectConfigurationPlatforms) = postSolution
		{AFF44C29-1063-485F-98FD-F695FC9E8A37}.Debug|Any CPU.ActiveCfg = Debug|Any CPU
		{AFF44C29-1063-485F-98FD-F695FC9E8A37}.Debug|Any CPU.Build.0 = Debug|Any CPU
		{AFF44C29-1063-485F-98FD-F695FC9E8A37}.Release|Any CPU.ActiveCfg = Release|Any CPU
		{AFF44C29-1063-485F-98FD-F695FC9E8A37}.Release|Any CPU.Build.0 = Release|Any CPU
	EndGlobalSection
	GlobalSection(SolutionProperties) = preSolution
		HideSolutionNode = FALSE
	EndGlobalSection
	GlobalSection(ExtensibilityGlobals) = postSolution
		SolutionGuid = {6532B108-97B9-423C-ADF9-F0DEC850A477}
	EndGlobalSection
EndGlobal
